
Microsoft Visual Studio Solution File, Format Version 12.00
# Visual Studio Version 17
VisualStudioVersion = 17.9.34622.214
MinimumVisualStudioVersion = 10.0.40219.1
Project("{FAE04EC0-301F-11D3-BF4B-00C04F79EFBC}") = "Circus Trein", "Circus Trein\Circus Trein.csproj", "{E8B0B8C0-EBFD-4D5A-938C-2B8D18D2898C}"
EndProject
Project("{FAE04EC0-301F-11D3-BF4B-00C04F79EFBC}") = "Circus Trein.Tests", "Circus Trein.Tests\Circus Trein.Tests.csproj", "{371FFEAB-2067-428C-949E-B9418C80A58C}"
EndProject
Global
	GlobalSection(SolutionConfigurationPlatforms) = preSolution
		Debug|Any CPU = Debug|Any CPU
		Release|Any CPU = Release|Any CPU
	EndGlobalSection
	GlobalSection(ProjectConfigurationPlatforms) = postSolution
		{E8B0B8C0-EBFD-4D5A-938C-2B8D18D2898C}.Debug|Any CPU.ActiveCfg = Debug|Any CPU
		{E8B0B8C0-EBFD-4D5A-938C-2B8D18D2898C}.Debug|Any CPU.Build.0 = Debug|Any CPU
		{E8B0B8C0-EBFD-4D5A-938C-2B8D18D2898C}.Release|Any CPU.ActiveCfg = Release|Any CPU
		{E8B0B8C0-EBFD-4D5A-938C-2B8D18D2898C}.Release|Any CPU.Build.0 = Release|Any CPU
		{371FFEAB-2067-428C-949E-B9418C80A58C}.Debug|Any CPU.ActiveCfg = Debug|Any CPU
		{371FFEAB-2067-428C-949E-B9418C80A58C}.Debug|Any CPU.Build.0 = Debug|Any CPU
		{371FFEAB-2067-428C-949E-B9418C80A58C}.Release|Any CPU.ActiveCfg = Release|Any CPU
		{371FFEAB-2067-428C-949E-B9418C80A58C}.Release|Any CPU.Build.0 = Release|Any CPU
	EndGlobalSection
	GlobalSection(SolutionProperties) = preSolution
		HideSolutionNode = FALSE
	EndGlobalSection
	GlobalSection(ExtensibilityGlobals) = postSolution
		SolutionGuid = {AFCE4C6F-B30F-473B-B983-C64E96A41F73}
	EndGlobalSection
EndGlobal
